
Microsoft Visual Studio Solution File, Format Version 12.00
# Visual Studio Version 17
VisualStudioVersion = 17.10.35122.118
MinimumVisualStudioVersion = 10.0.40219.1
Project("{FAE04EC0-301F-11D3-BF4B-00C04F79EFBC}") = "RPCommands", "RPCommands\RPCommands.csproj", "{DFB9FAB4-71F7-43A9-A9B5-C56B545D88CD}"
EndProject
Global
	GlobalSection(SolutionConfigurationPlatforms) = preSolution
		Debug|Any CPU = Debug|Any CPU
		Release|Any CPU = Release|Any CPU
	EndGlobalSection
	GlobalSection(ProjectConfigurationPlatforms) = postSolution
		{DFB9FAB4-71F7-43A9-A9B5-C56B545D88CD}.Debug|Any CPU.ActiveCfg = Debug|Any CPU
		{DFB9FAB4-71F7-43A9-A9B5-C56B545D88CD}.Debug|Any CPU.Build.0 = Debug|Any CPU
		{DFB9FAB4-71F7-43A9-A9B5-C56B545D88CD}.Release|Any CPU.ActiveCfg = Release|Any CPU
		{DFB9FAB4-71F7-43A9-A9B5-C56B545D88CD}.Release|Any CPU.Build.0 = Release|Any CPU
	EndGlobalSection
	GlobalSection(SolutionProperties) = preSolution
		HideSolutionNode = FALSE
	EndGlobalSection
	GlobalSection(ExtensibilityGlobals) = postSolution
		SolutionGuid = {7CC08BDE-B48C-4EFF-A8E8-8E5AF6BFD83C}
	EndGlobalSection
EndGlobal
